// !$*UTF8*$!
{
	archiveVersion = 1;
	classes = {
	};
	objectVersion = 46;
	objects = {

/* Begin PBXBuildFile section */
		5F2E44F71C4602C0005DC752 /* NetworkManager.m in Sources */ = {isa = PBXBuildFile; fileRef = 5F2E44F61C4602C0005DC752 /* NetworkManager.m */; };
		5F2E44F91C460370005DC752 /* Configuration.plist in Resources */ = {isa = PBXBuildFile; fileRef = 5F2E44F81C460370005DC752 /* Configuration.plist */; };
		5F2E44FE1C46087D005DC752 /* MFResponse.m in Sources */ = {isa = PBXBuildFile; fileRef = 5F2E44FD1C46087D005DC752 /* MFResponse.m */; };
		5F2E45011C460B38005DC752 /* PQAConsultation.m in Sources */ = {isa = PBXBuildFile; fileRef = 5F2E45001C460B38005DC752 /* PQAConsultation.m */; };
		5F2E45041C46258A005DC752 /* PQAHouseAd.m in Sources */ = {isa = PBXBuildFile; fileRef = 5F2E45031C46258A005DC752 /* PQAHouseAd.m */; };
		5F2E45071C462616005DC752 /* PQACards.m in Sources */ = {isa = PBXBuildFile; fileRef = 5F2E45061C462616005DC752 /* PQACards.m */; };
		5F52B1F71C47461C00CEF79E /* PQACustomTableViewCell.m in Sources */ = {isa = PBXBuildFile; fileRef = 5F52B1F51C47461C00CEF79E /* PQACustomTableViewCell.m */; };
		5F52B1F81C47461C00CEF79E /* PQACustomTableViewCell.xib in Resources */ = {isa = PBXBuildFile; fileRef = 5F52B1F61C47461C00CEF79E /* PQACustomTableViewCell.xib */; };
		5F52B2101C474DCD00CEF79E /* DataManager.m in Sources */ = {isa = PBXBuildFile; fileRef = 5F52B20F1C474DCD00CEF79E /* DataManager.m */; };
		5F52B2141C4773ED00CEF79E /* PQACardHouseAd.m in Sources */ = {isa = PBXBuildFile; fileRef = 5F52B2131C4773ED00CEF79E /* PQACardHouseAd.m */; };
		5F52B21C1C47795800CEF79E /* UIScrollView+SVInfiniteScrolling.m in Sources */ = {isa = PBXBuildFile; fileRef = 5F52B2191C47795800CEF79E /* UIScrollView+SVInfiniteScrolling.m */; };
		5F52B21D1C47795800CEF79E /* UIScrollView+SVPullToRefresh.m in Sources */ = {isa = PBXBuildFile; fileRef = 5F52B21B1C47795800CEF79E /* UIScrollView+SVPullToRefresh.m */; };
		5F52B2221C477C4E00CEF79E /* PQADetailViewController.m in Sources */ = {isa = PBXBuildFile; fileRef = 5F52B2201C477C4E00CEF79E /* PQADetailViewController.m */; };
		5F52B2231C477C4E00CEF79E /* PQADetailViewController.xib in Resources */ = {isa = PBXBuildFile; fileRef = 5F52B2211C477C4E00CEF79E /* PQADetailViewController.xib */; };
		5F52B22B1C477DD000CEF79E /* PQABaseViewController.m in Sources */ = {isa = PBXBuildFile; fileRef = 5F52B22A1C477DD000CEF79E /* PQABaseViewController.m */; };
		5FC469A51C44B2160073CCB6 /* main.m in Sources */ = {isa = PBXBuildFile; fileRef = 5FC469A41C44B2160073CCB6 /* main.m */; };
		5FC469AE1C44B2160073CCB6 /* Main.storyboard in Resources */ = {isa = PBXBuildFile; fileRef = 5FC469AC1C44B2160073CCB6 /* Main.storyboard */; };
		5FC469B01C44B2160073CCB6 /* Assets.xcassets in Resources */ = {isa = PBXBuildFile; fileRef = 5FC469AF1C44B2160073CCB6 /* Assets.xcassets */; };
		5FC469B31C44B2160073CCB6 /* LaunchScreen.storyboard in Resources */ = {isa = PBXBuildFile; fileRef = 5FC469B11C44B2160073CCB6 /* LaunchScreen.storyboard */; };
		5FC469BE1C44B29A0073CCB6 /* AppDelegate.m in Sources */ = {isa = PBXBuildFile; fileRef = 5FC469BD1C44B29A0073CCB6 /* AppDelegate.m */; };
		5FC469CD1C44BCA30073CCB6 /* PQADashboardViewController.m in Sources */ = {isa = PBXBuildFile; fileRef = 5FC469CB1C44BCA30073CCB6 /* PQADashboardViewController.m */; };
		5FC469CE1C44BCA30073CCB6 /* PQADashboardViewController.xib in Resources */ = {isa = PBXBuildFile; fileRef = 5FC469CC1C44BCA30073CCB6 /* PQADashboardViewController.xib */; };
		5FC469D31C44BD850073CCB6 /* PQAHomeViewController.m in Sources */ = {isa = PBXBuildFile; fileRef = 5FC469D11C44BD850073CCB6 /* PQAHomeViewController.m */; };
		5FC469D41C44BD850073CCB6 /* PQAHomeViewController.xib in Resources */ = {isa = PBXBuildFile; fileRef = 5FC469D21C44BD850073CCB6 /* PQAHomeViewController.xib */; };
		E0D461ED5B62380F9F8C70BB /* libPods.a in Frameworks */ = {isa = PBXBuildFile; fileRef = 4ECC483BB43547D42EAF618D /* libPods.a */; };
/* End PBXBuildFile section */

/* Begin PBXFileReference section */
		4ECC483BB43547D42EAF618D /* libPods.a */ = {isa = PBXFileReference; explicitFileType = archive.ar; includeInIndex = 0; path = libPods.a; sourceTree = BUILT_PRODUCTS_DIR; };
		5F2E44E71C45EFC9005DC752 /* MMMacro.h */ = {isa = PBXFileReference; fileEncoding = 4; lastKnownFileType = sourcecode.c.h; path = MMMacro.h; sourceTree = "<group>"; };
		5F2E44F51C4602C0005DC752 /* NetworkManager.h */ = {isa = PBXFileReference; fileEncoding = 4; lastKnownFileType = sourcecode.c.h; path = NetworkManager.h; sourceTree = "<group>"; };
		5F2E44F61C4602C0005DC752 /* NetworkManager.m */ = {isa = PBXFileReference; fileEncoding = 4; lastKnownFileType = sourcecode.c.objc; path = NetworkManager.m; sourceTree = "<group>"; wrapsLines = 0; };
		5F2E44F81C460370005DC752 /* Configuration.plist */ = {isa = PBXFileReference; fileEncoding = 4; lastKnownFileType = text.plist.xml; path = Configuration.plist; sourceTree = "<group>"; };
		5F2E44FB1C46078A005DC752 /* PQA-Prefix.h */ = {isa = PBXFileReference; fileEncoding = 4; lastKnownFileType = sourcecode.c.h; path = "PQA-Prefix.h"; sourceTree = "<group>"; };
		5F2E44FC1C46087D005DC752 /* MFResponse.h */ = {isa = PBXFileReference; fileEncoding = 4; lastKnownFileType = sourcecode.c.h; path = MFResponse.h; sourceTree = "<group>"; };
		5F2E44FD1C46087D005DC752 /* MFResponse.m */ = {isa = PBXFileReference; fileEncoding = 4; lastKnownFileType = sourcecode.c.objc; path = MFResponse.m; sourceTree = "<group>"; };
		5F2E44FF1C460B38005DC752 /* PQAConsultation.h */ = {isa = PBXFileReference; fileEncoding = 4; lastKnownFileType = sourcecode.c.h; path = PQAConsultation.h; sourceTree = "<group>"; };
		5F2E45001C460B38005DC752 /* PQAConsultation.m */ = {isa = PBXFileReference; fileEncoding = 4; lastKnownFileType = sourcecode.c.objc; path = PQAConsultation.m; sourceTree = "<group>"; };
		5F2E45021C46258A005DC752 /* PQAHouseAd.h */ = {isa = PBXFileReference; fileEncoding = 4; lastKnownFileType = sourcecode.c.h; path = PQAHouseAd.h; sourceTree = "<group>"; };
		5F2E45031C46258A005DC752 /* PQAHouseAd.m */ = {isa = PBXFileReference; fileEncoding = 4; lastKnownFileType = sourcecode.c.objc; path = PQAHouseAd.m; sourceTree = "<group>"; };
		5F2E45051C462615005DC752 /* PQACards.h */ = {isa = PBXFileReference; fileEncoding = 4; lastKnownFileType = sourcecode.c.h; path = PQACards.h; sourceTree = "<group>"; };
		5F2E45061C462616005DC752 /* PQACards.m */ = {isa = PBXFileReference; fileEncoding = 4; lastKnownFileType = sourcecode.c.objc; path = PQACards.m; sourceTree = "<group>"; };
		5F52B1F41C47461C00CEF79E /* PQACustomTableViewCell.h */ = {isa = PBXFileReference; fileEncoding = 4; lastKnownFileType = sourcecode.c.h; path = PQACustomTableViewCell.h; sourceTree = "<group>"; };
		5F52B1F51C47461C00CEF79E /* PQACustomTableViewCell.m */ = {isa = PBXFileReference; fileEncoding = 4; lastKnownFileType = sourcecode.c.objc; path = PQACustomTableViewCell.m; sourceTree = "<group>"; };
		5F52B1F61C47461C00CEF79E /* PQACustomTableViewCell.xib */ = {isa = PBXFileReference; fileEncoding = 4; lastKnownFileType = file.xib; path = PQACustomTableViewCell.xib; sourceTree = "<group>"; };
		5F52B20E1C474DCD00CEF79E /* DataManager.h */ = {isa = PBXFileReference; fileEncoding = 4; lastKnownFileType = sourcecode.c.h; path = DataManager.h; sourceTree = "<group>"; };
		5F52B20F1C474DCD00CEF79E /* DataManager.m */ = {isa = PBXFileReference; fileEncoding = 4; lastKnownFileType = sourcecode.c.objc; path = DataManager.m; sourceTree = "<group>"; };
		5F52B2111C474EEC00CEF79E /* Define.h */ = {isa = PBXFileReference; fileEncoding = 4; lastKnownFileType = sourcecode.c.h; name = Define.h; path = ../Define.h; sourceTree = "<group>"; };
		5F52B2121C4773ED00CEF79E /* PQACardHouseAd.h */ = {isa = PBXFileReference; fileEncoding = 4; lastKnownFileType = sourcecode.c.h; path = PQACardHouseAd.h; sourceTree = "<group>"; };
		5F52B2131C4773ED00CEF79E /* PQACardHouseAd.m */ = {isa = PBXFileReference; fileEncoding = 4; lastKnownFileType = sourcecode.c.objc; path = PQACardHouseAd.m; sourceTree = "<group>"; };
		5F52B2171C47795800CEF79E /* SVPullToRefresh.h */ = {isa = PBXFileReference; fileEncoding = 4; lastKnownFileType = sourcecode.c.h; path = SVPullToRefresh.h; sourceTree = "<group>"; };
		5F52B2181C47795800CEF79E /* UIScrollView+SVInfiniteScrolling.h */ = {isa = PBXFileReference; fileEncoding = 4; lastKnownFileType = sourcecode.c.h; path = "UIScrollView+SVInfiniteScrolling.h"; sourceTree = "<group>"; };
		5F52B2191C47795800CEF79E /* UIScrollView+SVInfiniteScrolling.m */ = {isa = PBXFileReference; fileEncoding = 4; lastKnownFileType = sourcecode.c.objc; path = "UIScrollView+SVInfiniteScrolling.m"; sourceTree = "<group>"; };
		5F52B21A1C47795800CEF79E /* UIScrollView+SVPullToRefresh.h */ = {isa = PBXFileReference; fileEncoding = 4; lastKnownFileType = sourcecode.c.h; path = "UIScrollView+SVPullToRefresh.h"; sourceTree = "<group>"; };
		5F52B21B1C47795800CEF79E /* UIScrollView+SVPullToRefresh.m */ = {isa = PBXFileReference; fileEncoding = 4; lastKnownFileType = sourcecode.c.objc; path = "UIScrollView+SVPullToRefresh.m"; sourceTree = "<group>"; };
		5F52B21F1C477C4E00CEF79E /* PQADetailViewController.h */ = {isa = PBXFileReference; fileEncoding = 4; lastKnownFileType = sourcecode.c.h; path = PQADetailViewController.h; sourceTree = "<group>"; };
		5F52B2201C477C4E00CEF79E /* PQADetailViewController.m */ = {isa = PBXFileReference; fileEncoding = 4; lastKnownFileType = sourcecode.c.objc; path = PQADetailViewController.m; sourceTree = "<group>"; };
		5F52B2211C477C4E00CEF79E /* PQADetailViewController.xib */ = {isa = PBXFileReference; fileEncoding = 4; lastKnownFileType = file.xib; path = PQADetailViewController.xib; sourceTree = "<group>"; };
		5F52B2291C477DD000CEF79E /* PQABaseViewController.h */ = {isa = PBXFileReference; fileEncoding = 4; lastKnownFileType = sourcecode.c.h; path = PQABaseViewController.h; sourceTree = "<group>"; };
		5F52B22A1C477DD000CEF79E /* PQABaseViewController.m */ = {isa = PBXFileReference; fileEncoding = 4; lastKnownFileType = sourcecode.c.objc; path = PQABaseViewController.m; sourceTree = "<group>"; };
		5FC469A01C44B2150073CCB6 /* pricanQAbyGMO-ObjC.app */ = {isa = PBXFileReference; explicitFileType = wrapper.application; includeInIndex = 0; path = "pricanQAbyGMO-ObjC.app"; sourceTree = BUILT_PRODUCTS_DIR; };
		5FC469A41C44B2160073CCB6 /* main.m */ = {isa = PBXFileReference; lastKnownFileType = sourcecode.c.objc; path = main.m; sourceTree = "<group>"; };
		5FC469AD1C44B2160073CCB6 /* Base */ = {isa = PBXFileReference; lastKnownFileType = file.storyboard; name = Base; path = Base.lproj/Main.storyboard; sourceTree = "<group>"; };
		5FC469AF1C44B2160073CCB6 /* Assets.xcassets */ = {isa = PBXFileReference; lastKnownFileType = folder.assetcatalog; path = Assets.xcassets; sourceTree = "<group>"; };
		5FC469B21C44B2160073CCB6 /* Base */ = {isa = PBXFileReference; lastKnownFileType = file.storyboard; name = Base; path = Base.lproj/LaunchScreen.storyboard; sourceTree = "<group>"; };
		5FC469B41C44B2160073CCB6 /* Info.plist */ = {isa = PBXFileReference; lastKnownFileType = text.plist.xml; path = Info.plist; sourceTree = "<group>"; };
		5FC469BC1C44B29A0073CCB6 /* AppDelegate.h */ = {isa = PBXFileReference; fileEncoding = 4; lastKnownFileType = sourcecode.c.h; path = AppDelegate.h; sourceTree = "<group>"; };
		5FC469BD1C44B29A0073CCB6 /* AppDelegate.m */ = {isa = PBXFileReference; fileEncoding = 4; lastKnownFileType = sourcecode.c.objc; path = AppDelegate.m; sourceTree = "<group>"; };
		5FC469CA1C44BCA30073CCB6 /* PQADashboardViewController.h */ = {isa = PBXFileReference; fileEncoding = 4; lastKnownFileType = sourcecode.c.h; path = PQADashboardViewController.h; sourceTree = "<group>"; };
		5FC469CB1C44BCA30073CCB6 /* PQADashboardViewController.m */ = {isa = PBXFileReference; fileEncoding = 4; lastKnownFileType = sourcecode.c.objc; path = PQADashboardViewController.m; sourceTree = "<group>"; };
		5FC469CC1C44BCA30073CCB6 /* PQADashboardViewController.xib */ = {isa = PBXFileReference; fileEncoding = 4; lastKnownFileType = file.xib; path = PQADashboardViewController.xib; sourceTree = "<group>"; };
		5FC469D01C44BD850073CCB6 /* PQAHomeViewController.h */ = {isa = PBXFileReference; fileEncoding = 4; lastKnownFileType = sourcecode.c.h; path = PQAHomeViewController.h; sourceTree = "<group>"; };
		5FC469D11C44BD850073CCB6 /* PQAHomeViewController.m */ = {isa = PBXFileReference; fileEncoding = 4; lastKnownFileType = sourcecode.c.objc; path = PQAHomeViewController.m; sourceTree = "<group>"; };
		5FC469D21C44BD850073CCB6 /* PQAHomeViewController.xib */ = {isa = PBXFileReference; fileEncoding = 4; lastKnownFileType = file.xib; path = PQAHomeViewController.xib; sourceTree = "<group>"; };
		DF0DB200C32A20D3BFE8EAA0 /* Pods.debug.xcconfig */ = {isa = PBXFileReference; includeInIndex = 1; lastKnownFileType = text.xcconfig; name = Pods.debug.xcconfig; path = "Pods/Target Support Files/Pods/Pods.debug.xcconfig"; sourceTree = "<group>"; };
		E652B8E5833C3FB400E19120 /* Pods.release.xcconfig */ = {isa = PBXFileReference; includeInIndex = 1; lastKnownFileType = text.xcconfig; name = Pods.release.xcconfig; path = "Pods/Target Support Files/Pods/Pods.release.xcconfig"; sourceTree = "<group>"; };
/* End PBXFileReference section */

/* Begin PBXFrameworksBuildPhase section */
		5FC4699D1C44B2150073CCB6 /* Frameworks */ = {
			isa = PBXFrameworksBuildPhase;
			buildActionMask = 2147483647;
			files = (
				E0D461ED5B62380F9F8C70BB /* libPods.a in Frameworks */,
			);
			runOnlyForDeploymentPostprocessing = 0;
		};
/* End PBXFrameworksBuildPhase section */

/* Begin PBXGroup section */
		171BF599BCD96814895A5073 /* Pods */ = {
			isa = PBXGroup;
			children = (
				DF0DB200C32A20D3BFE8EAA0 /* Pods.debug.xcconfig */,
				E652B8E5833C3FB400E19120 /* Pods.release.xcconfig */,
			);
			name = Pods;
			sourceTree = "<group>";
		};
		5F52B1EF1C4745B700CEF79E /* Custom Classes */ = {
			isa = PBXGroup;
			children = (
				5F52B1F01C4745C900CEF79E /* CustomViewCell */,
			);
			path = "Custom Classes";
			sourceTree = "<group>";
		};
		5F52B1F01C4745C900CEF79E /* CustomViewCell */ = {
			isa = PBXGroup;
			children = (
				5F52B1F41C47461C00CEF79E /* PQACustomTableViewCell.h */,
				5F52B1F51C47461C00CEF79E /* PQACustomTableViewCell.m */,
				5F52B1F61C47461C00CEF79E /* PQACustomTableViewCell.xib */,
			);
			path = CustomViewCell;
			sourceTree = "<group>";
		};
		5F52B1F91C474DA500CEF79E /* ThirdParty */ = {
			isa = PBXGroup;
			children = (
				5F52B2161C47795800CEF79E /* SVPullToRefresh */,
			);
			path = ThirdParty;
			sourceTree = "<group>";
		};
		5F52B2161C47795800CEF79E /* SVPullToRefresh */ = {
			isa = PBXGroup;
			children = (
				5F52B2171C47795800CEF79E /* SVPullToRefresh.h */,
				5F52B2181C47795800CEF79E /* UIScrollView+SVInfiniteScrolling.h */,
				5F52B2191C47795800CEF79E /* UIScrollView+SVInfiniteScrolling.m */,
				5F52B21A1C47795800CEF79E /* UIScrollView+SVPullToRefresh.h */,
				5F52B21B1C47795800CEF79E /* UIScrollView+SVPullToRefresh.m */,
			);
			path = SVPullToRefresh;
			sourceTree = "<group>";
		};
		5F52B21E1C477C3500CEF79E /* PQAHomeDetail */ = {
			isa = PBXGroup;
			children = (
				5F52B21F1C477C4E00CEF79E /* PQADetailViewController.h */,
				5F52B2201C477C4E00CEF79E /* PQADetailViewController.m */,
				5F52B2211C477C4E00CEF79E /* PQADetailViewController.xib */,
			);
			path = PQAHomeDetail;
			sourceTree = "<group>";
		};
		5FC469971C44B2150073CCB6 = {
			isa = PBXGroup;
			children = (
				5FC469BB1C44B29A0073CCB6 /* Appdelegate */,
				5F52B1F91C474DA500CEF79E /* ThirdParty */,
				5FC469C41C44B2D10073CCB6 /* Utilities */,
				5FC469C11C44B2BC0073CCB6 /* Managers */,
				5FC469C21C44B2C10073CCB6 /* Model */,
				5FC469C01C44B2B70073CCB6 /* Common */,
				5FC469BF1C44B2B00073CCB6 /* ViewControllers */,
				5F52B1EF1C4745B700CEF79E /* Custom Classes */,
				5FC469A21C44B2160073CCB6 /* pricanQAbyGMO-ObjC */,
				5FC469C31C44B2C70073CCB6 /* Resources */,
				5FC469A11C44B2150073CCB6 /* Products */,
				171BF599BCD96814895A5073 /* Pods */,
				92EB335B507FAD7579643C32 /* Frameworks */,
			);
			sourceTree = "<group>";
		};
		5FC469A11C44B2150073CCB6 /* Products */ = {
			isa = PBXGroup;
			children = (
				5FC469A01C44B2150073CCB6 /* pricanQAbyGMO-ObjC.app */,
			);
			name = Products;
			sourceTree = "<group>";
		};
		5FC469A21C44B2160073CCB6 /* pricanQAbyGMO-ObjC */ = {
			isa = PBXGroup;
			children = (
				5F2E44FB1C46078A005DC752 /* PQA-Prefix.h */,
				5FC469AC1C44B2160073CCB6 /* Main.storyboard */,
				5FC469AF1C44B2160073CCB6 /* Assets.xcassets */,
				5FC469B11C44B2160073CCB6 /* LaunchScreen.storyboard */,
				5FC469B41C44B2160073CCB6 /* Info.plist */,
				5FC469A31C44B2160073CCB6 /* Supporting Files */,
				5F2E44F81C460370005DC752 /* Configuration.plist */,
			);
			path = "pricanQAbyGMO-ObjC";
			sourceTree = "<group>";
		};
		5FC469A31C44B2160073CCB6 /* Supporting Files */ = {
			isa = PBXGroup;
			children = (
				5FC469A41C44B2160073CCB6 /* main.m */,
			);
			name = "Supporting Files";
			sourceTree = "<group>";
		};
		5FC469BB1C44B29A0073CCB6 /* Appdelegate */ = {
			isa = PBXGroup;
			children = (
				5FC469BC1C44B29A0073CCB6 /* AppDelegate.h */,
				5FC469BD1C44B29A0073CCB6 /* AppDelegate.m */,
			);
			path = Appdelegate;
			sourceTree = "<group>";
		};
		5FC469BF1C44B2B00073CCB6 /* ViewControllers */ = {
			isa = PBXGroup;
			children = (
				5F52B21E1C477C3500CEF79E /* PQAHomeDetail */,
				5FC469CF1C44BD720073CCB6 /* PQAHome */,
				5FC469C91C44BC880073CCB6 /* PQADashboard */,
				5FC469C51C44B2EE0073CCB6 /* PQABase */,
			);
			path = ViewControllers;
			sourceTree = "<group>";
		};
		5FC469C01C44B2B70073CCB6 /* Common */ = {
			isa = PBXGroup;
			children = (
				5F52B2111C474EEC00CEF79E /* Define.h */,
				5F2E44E71C45EFC9005DC752 /* MMMacro.h */,
			);
			path = Common;
			sourceTree = "<group>";
		};
		5FC469C11C44B2BC0073CCB6 /* Managers */ = {
			isa = PBXGroup;
			children = (
				5F2E44F51C4602C0005DC752 /* NetworkManager.h */,
				5F2E44F61C4602C0005DC752 /* NetworkManager.m */,
				5F52B20E1C474DCD00CEF79E /* DataManager.h */,
				5F52B20F1C474DCD00CEF79E /* DataManager.m */,
			);
			path = Managers;
			sourceTree = "<group>";
		};
		5FC469C21C44B2C10073CCB6 /* Model */ = {
			isa = PBXGroup;
			children = (
				5F2E44FC1C46087D005DC752 /* MFResponse.h */,
				5F2E44FD1C46087D005DC752 /* MFResponse.m */,
				5F2E44FF1C460B38005DC752 /* PQAConsultation.h */,
				5F2E45001C460B38005DC752 /* PQAConsultation.m */,
				5F2E45021C46258A005DC752 /* PQAHouseAd.h */,
				5F2E45031C46258A005DC752 /* PQAHouseAd.m */,
				5F2E45051C462615005DC752 /* PQACards.h */,
				5F2E45061C462616005DC752 /* PQACards.m */,
				5F52B2121C4773ED00CEF79E /* PQACardHouseAd.h */,
				5F52B2131C4773ED00CEF79E /* PQACardHouseAd.m */,
			);
			path = Model;
			sourceTree = "<group>";
		};
		5FC469C31C44B2C70073CCB6 /* Resources */ = {
			isa = PBXGroup;
			children = (
			);
			path = Resources;
			sourceTree = "<group>";
		};
		5FC469C41C44B2D10073CCB6 /* Utilities */ = {
			isa = PBXGroup;
			children = (
			);
			path = Utilities;
			sourceTree = "<group>";
		};
		5FC469C51C44B2EE0073CCB6 /* PQABase */ = {
			isa = PBXGroup;
			children = (
				5F52B2291C477DD000CEF79E /* PQABaseViewController.h */,
				5F52B22A1C477DD000CEF79E /* PQABaseViewController.m */,
			);
			path = PQABase;
			sourceTree = "<group>";
		};
		5FC469C91C44BC880073CCB6 /* PQADashboard */ = {
			isa = PBXGroup;
			children = (
				5FC469CA1C44BCA30073CCB6 /* PQADashboardViewController.h */,
				5FC469CC1C44BCA30073CCB6 /* PQADashboardViewController.xib */,
				5FC469CB1C44BCA30073CCB6 /* PQADashboardViewController.m */,
			);
			path = PQADashboard;
			sourceTree = "<group>";
		};
		5FC469CF1C44BD720073CCB6 /* PQAHome */ = {
			isa = PBXGroup;
			children = (
				5FC469D01C44BD850073CCB6 /* PQAHomeViewController.h */,
				5FC469D11C44BD850073CCB6 /* PQAHomeViewController.m */,
				5FC469D21C44BD850073CCB6 /* PQAHomeViewController.xib */,
			);
			path = PQAHome;
			sourceTree = "<group>";
		};
		92EB335B507FAD7579643C32 /* Frameworks */ = {
			isa = PBXGroup;
			children = (
				4ECC483BB43547D42EAF618D /* libPods.a */,
			);
			name = Frameworks;
			sourceTree = "<group>";
		};
/* End PBXGroup section */

/* Begin PBXNativeTarget section */
		5FC4699F1C44B2150073CCB6 /* pricanQAbyGMO-ObjC */ = {
			isa = PBXNativeTarget;
			buildConfigurationList = 5FC469B71C44B2160073CCB6 /* Build configuration list for PBXNativeTarget "pricanQAbyGMO-ObjC" */;
			buildPhases = (
				EC1023C7736621EDD2BFEE0F /* Check Pods Manifest.lock */,
				5FC4699C1C44B2150073CCB6 /* Sources */,
				5FC4699D1C44B2150073CCB6 /* Frameworks */,
				5FC4699E1C44B2150073CCB6 /* Resources */,
				ABF9A0823855CF805AEF836D /* Embed Pods Frameworks */,
				6821DF4E9029D97520F69B16 /* Copy Pods Resources */,
			);
			buildRules = (
			);
			dependencies = (
			);
			name = "pricanQAbyGMO-ObjC";
			productName = "pricanQAbyGMO-ObjC";
			productReference = 5FC469A01C44B2150073CCB6 /* pricanQAbyGMO-ObjC.app */;
			productType = "com.apple.product-type.application";
		};
/* End PBXNativeTarget section */

/* Begin PBXProject section */
		5FC469981C44B2150073CCB6 /* Project object */ = {
			isa = PBXProject;
			attributes = {
				LastUpgradeCheck = 0710;
				ORGANIZATIONNAME = "DEV-MinhNN";
				TargetAttributes = {
					5FC4699F1C44B2150073CCB6 = {
						CreatedOnToolsVersion = 7.1;
					};
				};
			};
			buildConfigurationList = 5FC4699B1C44B2150073CCB6 /* Build configuration list for PBXProject "pricanQAbyGMO-ObjC" */;
			compatibilityVersion = "Xcode 3.2";
			developmentRegion = English;
			hasScannedForEncodings = 0;
			knownRegions = (
				en,
				Base,
			);
			mainGroup = 5FC469971C44B2150073CCB6;
			productRefGroup = 5FC469A11C44B2150073CCB6 /* Products */;
			projectDirPath = "";
			projectRoot = "";
			targets = (
				5FC4699F1C44B2150073CCB6 /* pricanQAbyGMO-ObjC */,
			);
		};
/* End PBXProject section */

/* Begin PBXResourcesBuildPhase section */
		5FC4699E1C44B2150073CCB6 /* Resources */ = {
			isa = PBXResourcesBuildPhase;
			buildActionMask = 2147483647;
			files = (
				5FC469CE1C44BCA30073CCB6 /* PQADashboardViewController.xib in Resources */,
				5FC469B31C44B2160073CCB6 /* LaunchScreen.storyboard in Resources */,
				5F2E44F91C460370005DC752 /* Configuration.plist in Resources */,
				5F52B2231C477C4E00CEF79E /* PQADetailViewController.xib in Resources */,
				5F52B1F81C47461C00CEF79E /* PQACustomTableViewCell.xib in Resources */,
				5FC469B01C44B2160073CCB6 /* Assets.xcassets in Resources */,
				5FC469D41C44BD850073CCB6 /* PQAHomeViewController.xib in Resources */,
				5FC469AE1C44B2160073CCB6 /* Main.storyboard in Resources */,
			);
			runOnlyForDeploymentPostprocessing = 0;
		};
/* End PBXResourcesBuildPhase section */

/* Begin PBXShellScriptBuildPhase section */
		6821DF4E9029D97520F69B16 /* Copy Pods Resources */ = {
			isa = PBXShellScriptBuildPhase;
			buildActionMask = 2147483647;
			files = (
			);
			inputPaths = (
			);
			name = "Copy Pods Resources";
			outputPaths = (
			);
			runOnlyForDeploymentPostprocessing = 0;
			shellPath = /bin/sh;
			shellScript = "\"${SRCROOT}/Pods/Target Support Files/Pods/Pods-resources.sh\"\n";
			showEnvVarsInLog = 0;
		};
		ABF9A0823855CF805AEF836D /* Embed Pods Frameworks */ = {
			isa = PBXShellScriptBuildPhase;
			buildActionMask = 2147483647;
			files = (
			);
			inputPaths = (
			);
			name = "Embed Pods Frameworks";
			outputPaths = (
			);
			runOnlyForDeploymentPostprocessing = 0;
			shellPath = /bin/sh;
			shellScript = "\"${SRCROOT}/Pods/Target Support Files/Pods/Pods-frameworks.sh\"\n";
			showEnvVarsInLog = 0;
		};
		EC1023C7736621EDD2BFEE0F /* Check Pods Manifest.lock */ = {
			isa = PBXShellScriptBuildPhase;
			buildActionMask = 2147483647;
			files = (
			);
			inputPaths = (
			);
			name = "Check Pods Manifest.lock";
			outputPaths = (
			);
			runOnlyForDeploymentPostprocessing = 0;
			shellPath = /bin/sh;
			shellScript = "diff \"${PODS_ROOT}/../Podfile.lock\" \"${PODS_ROOT}/Manifest.lock\" > /dev/null\nif [[ $? != 0 ]] ; then\n    cat << EOM\nerror: The sandbox is not in sync with the Podfile.lock. Run 'pod install' or update your CocoaPods installation.\nEOM\n    exit 1\nfi\n";
			showEnvVarsInLog = 0;
		};
/* End PBXShellScriptBuildPhase section */

/* Begin PBXSourcesBuildPhase section */
		5FC4699C1C44B2150073CCB6 /* Sources */ = {
			isa = PBXSourcesBuildPhase;
			buildActionMask = 2147483647;
			files = (
				5F52B2141C4773ED00CEF79E /* PQACardHouseAd.m in Sources */,
				5FC469CD1C44BCA30073CCB6 /* PQADashboardViewController.m in Sources */,
				5F52B2221C477C4E00CEF79E /* PQADetailViewController.m in Sources */,
				5F52B21C1C47795800CEF79E /* UIScrollView+SVInfiniteScrolling.m in Sources */,
				5F2E45071C462616005DC752 /* PQACards.m in Sources */,
				5F52B21D1C47795800CEF79E /* UIScrollView+SVPullToRefresh.m in Sources */,
				5F2E45011C460B38005DC752 /* PQAConsultation.m in Sources */,
				5F2E44FE1C46087D005DC752 /* MFResponse.m in Sources */,
				5F2E44F71C4602C0005DC752 /* NetworkManager.m in Sources */,
				5F2E45041C46258A005DC752 /* PQAHouseAd.m in Sources */,
				5FC469BE1C44B29A0073CCB6 /* AppDelegate.m in Sources */,
				5FC469D31C44BD850073CCB6 /* PQAHomeViewController.m in Sources */,
				5FC469A51C44B2160073CCB6 /* main.m in Sources */,
				5F52B2101C474DCD00CEF79E /* DataManager.m in Sources */,
				5F52B22B1C477DD000CEF79E /* PQABaseViewController.m in Sources */,
				5F52B1F71C47461C00CEF79E /* PQACustomTableViewCell.m in Sources */,
			);
			runOnlyForDeploymentPostprocessing = 0;
		};
/* End PBXSourcesBuildPhase section */

/* Begin PBXVariantGroup section */
		5FC469AC1C44B2160073CCB6 /* Main.storyboard */ = {
			isa = PBXVariantGroup;
			children = (
				5FC469AD1C44B2160073CCB6 /* Base */,
			);
			name = Main.storyboard;
			sourceTree = "<group>";
		};
		5FC469B11C44B2160073CCB6 /* LaunchScreen.storyboard */ = {
			isa = PBXVariantGroup;
			children = (
				5FC469B21C44B2160073CCB6 /* Base */,
			);
			name = LaunchScreen.storyboard;
			sourceTree = "<group>";
		};
/* End PBXVariantGroup section */

/* Begin XCBuildConfiguration section */
		5FC469B51C44B2160073CCB6 /* Debug */ = {
			isa = XCBuildConfiguration;
			buildSettings = {
				ALWAYS_SEARCH_USER_PATHS = NO;
				CLANG_CXX_LANGUAGE_STANDARD = "gnu++0x";
				CLANG_CXX_LIBRARY = "libc++";
				CLANG_ENABLE_MODULES = YES;
				CLANG_ENABLE_OBJC_ARC = YES;
				CLANG_WARN_BOOL_CONVERSION = YES;
				CLANG_WARN_CONSTANT_CONVERSION = YES;
				CLANG_WARN_DIRECT_OBJC_ISA_USAGE = YES_ERROR;
				CLANG_WARN_EMPTY_BODY = YES;
				CLANG_WARN_ENUM_CONVERSION = YES;
				CLANG_WARN_INT_CONVERSION = YES;
				CLANG_WARN_OBJC_ROOT_CLASS = YES_ERROR;
				CLANG_WARN_UNREACHABLE_CODE = YES;
				CLANG_WARN__DUPLICATE_METHOD_MATCH = YES;
				"CODE_SIGN_IDENTITY[sdk=iphoneos*]" = "iPhone Developer";
				COPY_PHASE_STRIP = NO;
				DEBUG_INFORMATION_FORMAT = dwarf;
				ENABLE_STRICT_OBJC_MSGSEND = YES;
				ENABLE_TESTABILITY = YES;
				GCC_C_LANGUAGE_STANDARD = gnu99;
				GCC_DYNAMIC_NO_PIC = NO;
				GCC_NO_COMMON_BLOCKS = YES;
				GCC_OPTIMIZATION_LEVEL = 0;
				GCC_PREPROCESSOR_DEFINITIONS = (
					"DEBUG=1",
					"$(inherited)",
				);
				GCC_WARN_64_TO_32_BIT_CONVERSION = YES;
				GCC_WARN_ABOUT_RETURN_TYPE = YES_ERROR;
				GCC_WARN_UNDECLARED_SELECTOR = YES;
				GCC_WARN_UNINITIALIZED_AUTOS = YES_AGGRESSIVE;
				GCC_WARN_UNUSED_FUNCTION = YES;
				GCC_WARN_UNUSED_VARIABLE = YES;
				IPHONEOS_DEPLOYMENT_TARGET = 9.1;
				MTL_ENABLE_DEBUG_INFO = YES;
				ONLY_ACTIVE_ARCH = YES;
				SDKROOT = iphoneos;
				TARGETED_DEVICE_FAMILY = "1,2";
			};
			name = Debug;
		};
		5FC469B61C44B2160073CCB6 /* Release */ = {
			isa = XCBuildConfiguration;
			buildSettings = {
				ALWAYS_SEARCH_USER_PATHS = NO;
				CLANG_CXX_LANGUAGE_STANDARD = "gnu++0x";
				CLANG_CXX_LIBRARY = "libc++";
				CLANG_ENABLE_MODULES = YES;
				CLANG_ENABLE_OBJC_ARC = YES;
				CLANG_WARN_BOOL_CONVERSION = YES;
				CLANG_WARN_CONSTANT_CONVERSION = YES;
				CLANG_WARN_DIRECT_OBJC_ISA_USAGE = YES_ERROR;
				CLANG_WARN_EMPTY_BODY = YES;
				CLANG_WARN_ENUM_CONVERSION = YES;
				CLANG_WARN_INT_CONVERSION = YES;
				CLANG_WARN_OBJC_ROOT_CLASS = YES_ERROR;
				CLANG_WARN_UNREACHABLE_CODE = YES;
				CLANG_WARN__DUPLICATE_METHOD_MATCH = YES;
				"CODE_SIGN_IDENTITY[sdk=iphoneos*]" = "iPhone Developer";
				COPY_PHASE_STRIP = NO;
				DEBUG_INFORMATION_FORMAT = "dwarf-with-dsym";
				ENABLE_NS_ASSERTIONS = NO;
				ENABLE_STRICT_OBJC_MSGSEND = YES;
				GCC_C_LANGUAGE_STANDARD = gnu99;
				GCC_NO_COMMON_BLOCKS = YES;
				GCC_WARN_64_TO_32_BIT_CONVERSION = YES;
				GCC_WARN_ABOUT_RETURN_TYPE = YES_ERROR;
				GCC_WARN_UNDECLARED_SELECTOR = YES;
				GCC_WARN_UNINITIALIZED_AUTOS = YES_AGGRESSIVE;
				GCC_WARN_UNUSED_FUNCTION = YES;
				GCC_WARN_UNUSED_VARIABLE = YES;
				IPHONEOS_DEPLOYMENT_TARGET = 9.1;
				MTL_ENABLE_DEBUG_INFO = NO;
				SDKROOT = iphoneos;
				TARGETED_DEVICE_FAMILY = "1,2";
				VALIDATE_PRODUCT = YES;
			};
			name = Release;
		};
		5FC469B81C44B2160073CCB6 /* Debug */ = {
			isa = XCBuildConfiguration;
			baseConfigurationReference = DF0DB200C32A20D3BFE8EAA0 /* Pods.debug.xcconfig */;
			buildSettings = {
				ASSETCATALOG_COMPILER_APPICON_NAME = AppIcon;
				GCC_PRECOMPILE_PREFIX_HEADER = YES;
				GCC_PREFIX_HEADER = "$(PROJECT_DIR)/pricanQAbyGMO-ObjC/PQA-Prefix.h";
				INFOPLIST_FILE = "pricanQAbyGMO-ObjC/Info.plist";
				IPHONEOS_DEPLOYMENT_TARGET = 8.0;
				LD_RUNPATH_SEARCH_PATHS = "$(inherited) @executable_path/Frameworks";
				PRODUCT_BUNDLE_IDENTIFIER = "KLL.pricanQAbyGMO-ObjC";
				PRODUCT_NAME = "$(TARGET_NAME)";
			};
			name = Debug;
		};
		5FC469B91C44B2160073CCB6 /* Release */ = {
			isa = XCBuildConfiguration;
			baseConfigurationReference = E652B8E5833C3FB400E19120 /* Pods.release.xcconfig */;
			buildSettings = {
				ASSETCATALOG_COMPILER_APPICON_NAME = AppIcon;
				GCC_PRECOMPILE_PREFIX_HEADER = YES;
				GCC_PREFIX_HEADER = "$(PROJECT_DIR)/pricanQAbyGMO-ObjC/PQA-Prefix.h";
				INFOPLIST_FILE = "pricanQAbyGMO-ObjC/Info.plist";
				IPHONEOS_DEPLOYMENT_TARGET = 8.0;
				LD_RUNPATH_SEARCH_PATHS = "$(inherited) @executable_path/Frameworks";
				PRODUCT_BUNDLE_IDENTIFIER = "KLL.pricanQAbyGMO-ObjC";
				PRODUCT_NAME = "$(TARGET_NAME)";
			};
			name = Release;
		};
/* End XCBuildConfiguration section */

/* Begin XCConfigurationList section */
		5FC4699B1C44B2150073CCB6 /* Build configuration list for PBXProject "pricanQAbyGMO-ObjC" */ = {
			isa = XCConfigurationList;
			buildConfigurations = (
				5FC469B51C44B2160073CCB6 /* Debug */,
				5FC469B61C44B2160073CCB6 /* Release */,
			);
			defaultConfigurationIsVisible = 0;
			defaultConfigurationName = Release;
		};
		5FC469B71C44B2160073CCB6 /* Build configuration list for PBXNativeTarget "pricanQAbyGMO-ObjC" */ = {
			isa = XCConfigurationList;
			buildConfigurations = (
				5FC469B81C44B2160073CCB6 /* Debug */,
				5FC469B91C44B2160073CCB6 /* Release */,
			);
			defaultConfigurationIsVisible = 0;
			defaultConfigurationName = Release;
		};
/* End XCConfigurationList section */
	};
	rootObject = 5FC469981C44B2150073CCB6 /* Project object */;
}
